<?xml version="1.0" encoding="utf-8"?>
<Project ToolsVersion="4.0" xmlns="http://schemas.microsoft.com/developer/msbuild/2003">
  <ItemGroup>
    <Filter Include="Source Files">
      <UniqueIdentifier>{4FC737F1-C7A5-4376-A066-2A32D752A2FF}</UniqueIdentifier>
      <Extensions>cpp;c;cc;cxx;def;odl;idl;hpj;bat;asm;asmx</Extensions>
    </Filter>
    <Filter Include="Header Files">
      <UniqueIdentifier>{93995380-89BD-4b04-88EB-625FBE52EBFB}</UniqueIdentifier>
      <Extensions>h;hh;hpp;hxx;hm;inl;inc;ipp;xsd</Extensions>
    </Filter>
    <Filter Include="Resource Files">
      <UniqueIdentifier>{67DA6AB6-F800-4c08-8B7A-83BB121AAD01}</UniqueIdentifier>
      <Extensions>rc;ico;cur;bmp;dlg;rc2;rct;bin;rgs;gif;jpg;jpeg;jpe;resx;tiff;tif;png;wav;mfcribbon-ms</Extensions>
    </Filter>
  </ItemGroup>
  <ItemGroup>
    <ClInclude Include="include\Oparse.h">
      <Filter>Header Files</Filter>
    </ClInclude>
    <ClInclude Include="include\OpBool.h">
      <Filter>Header Files</Filter>
    </ClInclude>
    <ClInclude Include="include\OpDouble.h">
      <Filter>Header Files</Filter>
    </ClInclude>
    <ClInclude Include="include\OpFloat.h">
      <Filter>Header Files</Filter>
    </ClInclude>
    <ClInclude Include="include\OpInt.h">
      <Filter>Header Files</Filter>
    </ClInclude>
    <ClInclude Include="include\OpStdLibs.h">
      <Filter>Header Files</Filter>
    </ClInclude>
    <ClInclude Include="include\OpString.h">
      <Filter>Header Files</Filter>
    </ClInclude>
    <ClInclude Include="include\OpValidator.h">
      <Filter>Header Files</Filter>
    </ClInclude>
    <ClInclude Include="include\OpValue.h">
      <Filter>Header Files</Filter>
    </ClInclude>
    <ClInclude Include="include\OpvRequired.h">
      <Filter>Header Files</Filter>
    </ClInclude>
    <ClInclude Include="include\PARSINGRESULT.h">
      <Filter>Header Files</Filter>
    </ClInclude>
    <ClInclude Include="include\StringOps.h">
      <Filter>Header Files</Filter>
    </ClInclude>
    <ClInclude Include="include\OpList.h">
      <Filter>Header Files</Filter>
    </ClInclude>
    <ClInclude Include="include\OpVector3.h">
      <Filter>Header Files</Filter>
    </ClInclude>
    <ClInclude Include="include\OpMixedList.h">
      <Filter>Header Files</Filter>
    </ClInclude>
    <ClInclude Include="include\OpBlockList.h">
      <Filter>Header Files</Filter>
    </ClInclude>
    <ClInclude Include="include\OpModel.h">
      <Filter>Header Files</Filter>
    </ClInclude>
    <ClInclude Include="include\OpFiles.h">
      <Filter>Header Files</Filter>
    </ClInclude>
    <ClInclude Include="include\OpModelFactory.h">
      <Filter>Header Files</Filter>
    </ClInclude>
  </ItemGroup>
  <ItemGroup>
    <ClCompile Include="src\Oparse.cpp">
      <Filter>Source Files</Filter>
    </ClCompile>
    <ClCompile Include="src\OpBool.cpp">
      <Filter>Source Files</Filter>
    </ClCompile>
    <ClCompile Include="src\OpDouble.cpp">
      <Filter>Source Files</Filter>
    </ClCompile>
    <ClCompile Include="src\OpFactories.cpp">
      <Filter>Source Files</Filter>
    </ClCompile>
    <ClCompile Include="src\OpFloat.cpp">
      <Filter>Source Files</Filter>
    </ClCompile>
    <ClCompile Include="src\OpInt.cpp">
      <Filter>Source Files</Filter>
    </ClCompile>
    <ClCompile Include="src\OpString.cpp">
      <Filter>Source Files</Filter>
    </ClCompile>
    <ClCompile Include="src\OpvRequired.cpp">
      <Filter>Source Files</Filter>
    </ClCompile>
    <ClCompile Include="src\StringOps.cpp">
      <Filter>Source Files</Filter>
    </ClCompile>
    <ClCompile Include="src\OpList.cpp">
      <Filter>Source Files</Filter>
    </ClCompile>
    <ClCompile Include="src\OpVector3.cpp">
      <Filter>Source Files</Filter>
    </ClCompile>
    <ClCompile Include="src\OpMixedList.cpp">
      <Filter>Source Files</Filter>
    </ClCompile>
    <ClCompile Include="src\OpFiles.cpp">
      <Filter>Source Files</Filter>
    </ClCompile>
  </ItemGroup>
</Project>